
Microsoft Visual Studio Solution File, Format Version 12.00
# Visual Studio Version 17
VisualStudioVersion = 17.4.33205.214
MinimumVisualStudioVersion = 10.0.40219.1
Project("{FAE04EC0-301F-11D3-BF4B-00C04F79EFBC}") = "Jenkinsproject", "Jenkinsproject\Jenkinsproject.csproj", "{2B9521F8-083E-4687-A4E9-DB8576542D2D}"
EndProject
Global
	GlobalSection(SolutionConfigurationPlatforms) = preSolution
		Debug|Any CPU = Debug|Any CPU
		Release|Any CPU = Release|Any CPU
	EndGlobalSection
	GlobalSection(ProjectConfigurationPlatforms) = postSolution
		{2B9521F8-083E-4687-A4E9-DB8576542D2D}.Debug|Any CPU.ActiveCfg = Debug|Any CPU
		{2B9521F8-083E-4687-A4E9-DB8576542D2D}.Debug|Any CPU.Build.0 = Debug|Any CPU
		{2B9521F8-083E-4687-A4E9-DB8576542D2D}.Release|Any CPU.ActiveCfg = Release|Any CPU
		{2B9521F8-083E-4687-A4E9-DB8576542D2D}.Release|Any CPU.Build.0 = Release|Any CPU
	EndGlobalSection
	GlobalSection(SolutionProperties) = preSolution
		HideSolutionNode = FALSE
	EndGlobalSection
	GlobalSection(ExtensibilityGlobals) = postSolution
		SolutionGuid = {5ED7F6D2-F780-49D2-BBF0-B4A6FD61C511}
	EndGlobalSection
EndGlobal
